
Microsoft Visual Studio Solution File, Format Version 11.00
# Visual Studio 2010
Project("{8BC9CEB8-8B4A-11D0-8D11-00A0C91BC942}") = "Singly_Linear_LL", "Singly_Linear_LL\Singly_Linear_LL.vcxproj", "{9AE77A91-674C-43DA-9959-57398D9E11C0}"
EndProject
Global
	GlobalSection(SolutionConfigurationPlatforms) = preSolution
		Debug|Win32 = Debug|Win32
		Release|Win32 = Release|Win32
	EndGlobalSection
	GlobalSection(ProjectConfigurationPlatforms) = postSolution
		{9AE77A91-674C-43DA-9959-57398D9E11C0}.Debug|Win32.ActiveCfg = Debug|Win32
		{9AE77A91-674C-43DA-9959-57398D9E11C0}.Debug|Win32.Build.0 = Debug|Win32
		{9AE77A91-674C-43DA-9959-57398D9E11C0}.Release|Win32.ActiveCfg = Release|Win32
		{9AE77A91-674C-43DA-9959-57398D9E11C0}.Release|Win32.Build.0 = Release|Win32
	EndGlobalSection
	GlobalSection(SolutionProperties) = preSolution
		HideSolutionNode = FALSE
	EndGlobalSection
EndGlobal
